
Microsoft Visual Studio Solution File, Format Version 12.00
# Visual Studio Version 17
VisualStudioVersion = 17.13.35931.197
MinimumVisualStudioVersion = 10.0.40219.1
Project("{FAE04EC0-301F-11D3-BF4B-00C04F79EFBC}") = "NRRC_External_2025", "NRRC_External_2025.csproj", "{C2353B7D-75A8-1486-1D2B-CDA17F6308F0}"
EndProject
Global
	GlobalSection(SolutionConfigurationPlatforms) = preSolution
		Debug|Any CPU = Debug|Any CPU
		Release|Any CPU = Release|Any CPU
	EndGlobalSection
	GlobalSection(ProjectConfigurationPlatforms) = postSolution
		{C2353B7D-75A8-1486-1D2B-CDA17F6308F0}.Debug|Any CPU.ActiveCfg = Debug|Any CPU
		{C2353B7D-75A8-1486-1D2B-CDA17F6308F0}.Debug|Any CPU.Build.0 = Debug|Any CPU
		{C2353B7D-75A8-1486-1D2B-CDA17F6308F0}.Release|Any CPU.ActiveCfg = Release|Any CPU
		{C2353B7D-75A8-1486-1D2B-CDA17F6308F0}.Release|Any CPU.Build.0 = Release|Any CPU
	EndGlobalSection
	GlobalSection(SolutionProperties) = preSolution
		HideSolutionNode = FALSE
	EndGlobalSection
	GlobalSection(ExtensibilityGlobals) = postSolution
		SolutionGuid = {5B26D048-2C80-4CCA-8099-45DAF7A3E891}
	EndGlobalSection
EndGlobal
